
Microsoft Visual Studio Solution File, Format Version 12.00
# Visual Studio Version 17
VisualStudioVersion = 17.8.34330.188
MinimumVisualStudioVersion = 10.0.40219.1
Project("{9A19103F-16F7-4668-BE54-9A1E7A4F7556}") = "WhackerLinkServer", "WhackerLinkServer\WhackerLinkServer.csproj", "{ADA6B441-A9F8-46D7-B07A-9D4A4AD62829}"
EndProject
Project("{9A19103F-16F7-4668-BE54-9A1E7A4F7556}") = "WhackerLinkCommonLib", "WhackerLinkCommonLib\WhackerLinkCommonLib.csproj", "{48FF9E65-F845-43FB-BF4E-71471B471C66}"
EndProject
Project("{FAE04EC0-301F-11D3-BF4B-00C04F79EFBC}") = "WhackerLinkClient", "WhackerLinkClient\WhackerLinkClient.csproj", "{60C028D3-80DF-436E-AA8A-D95D2060111A}"
EndProject
Global
	GlobalSection(SolutionConfigurationPlatforms) = preSolution
		Debug|Any CPU = Debug|Any CPU
		Release|Any CPU = Release|Any CPU
	EndGlobalSection
	GlobalSection(ProjectConfigurationPlatforms) = postSolution
		{ADA6B441-A9F8-46D7-B07A-9D4A4AD62829}.Debug|Any CPU.ActiveCfg = Debug|Any CPU
		{ADA6B441-A9F8-46D7-B07A-9D4A4AD62829}.Debug|Any CPU.Build.0 = Debug|Any CPU
		{ADA6B441-A9F8-46D7-B07A-9D4A4AD62829}.Release|Any CPU.ActiveCfg = Release|Any CPU
		{ADA6B441-A9F8-46D7-B07A-9D4A4AD62829}.Release|Any CPU.Build.0 = Release|Any CPU
		{48FF9E65-F845-43FB-BF4E-71471B471C66}.Debug|Any CPU.ActiveCfg = Debug|Any CPU
		{48FF9E65-F845-43FB-BF4E-71471B471C66}.Debug|Any CPU.Build.0 = Debug|Any CPU
		{48FF9E65-F845-43FB-BF4E-71471B471C66}.Release|Any CPU.ActiveCfg = Release|Any CPU
		{48FF9E65-F845-43FB-BF4E-71471B471C66}.Release|Any CPU.Build.0 = Release|Any CPU
		{60C028D3-80DF-436E-AA8A-D95D2060111A}.Debug|Any CPU.ActiveCfg = Debug|Any CPU
		{60C028D3-80DF-436E-AA8A-D95D2060111A}.Debug|Any CPU.Build.0 = Debug|Any CPU
		{60C028D3-80DF-436E-AA8A-D95D2060111A}.Release|Any CPU.ActiveCfg = Release|Any CPU
		{60C028D3-80DF-436E-AA8A-D95D2060111A}.Release|Any CPU.Build.0 = Release|Any CPU
	EndGlobalSection
	GlobalSection(SolutionProperties) = preSolution
		HideSolutionNode = FALSE
	EndGlobalSection
	GlobalSection(ExtensibilityGlobals) = postSolution
		SolutionGuid = {1913650C-BC93-4AAA-AAC7-155109901217}
	EndGlobalSection
EndGlobal
