
Microsoft Visual Studio Solution File, Format Version 12.00
# Visual Studio Version 17
VisualStudioVersion = 17.8.34330.188
MinimumVisualStudioVersion = 10.0.40219.1
Project("{9A19103F-16F7-4668-BE54-9A1E7A4F7556}") = "WhackerLinkServer", "WhackerLinkServer\WhackerLinkServer.csproj", "{ADA6B441-A9F8-46D7-B07A-9D4A4AD62829}"
	ProjectSection(ProjectDependencies) = postProject
		{48FF9E65-F845-43FB-BF4E-71471B471C66} = {48FF9E65-F845-43FB-BF4E-71471B471C66}
	EndProjectSection
EndProject
Project("{9A19103F-16F7-4668-BE54-9A1E7A4F7556}") = "WhackerLinkLib", "WhackerLinkLib\WhackerLinkLib.csproj", "{48FF9E65-F845-43FB-BF4E-71471B471C66}"
EndProject
Project("{9A19103F-16F7-4668-BE54-9A1E7A4F7556}") = "WhackerLinkMobileRadio", "WhackerLinkMobileRadio\WhackerLinkMobileRadio.csproj", "{60C028D3-80DF-436E-AA8A-D95D2060111A}"
EndProject
Project("{9A19103F-16F7-4668-BE54-9A1E7A4F7556}") = "WhackerLinkBridge", "WhackerLinkBridge\WhackerLinkBridge.csproj", "{7BE24C1F-8703-42FC-93DD-F375A8E3C55A}"
EndProject
Project("{8BC9CEB8-8B4A-11D0-8D11-00A0C91BC942}") = "MBEVocoder", "MBEVocoder\MBEVocoder.vcxproj", "{74B0F899-DFC9-4877-AD52-E5ECDD8AF7F1}"
EndProject
Project("{8BC9CEB8-8B4A-11D0-8D11-00A0C91BC942}") = "MBEVocoderManaged", "MBEVocoderManaged\MBEVocoderManaged.vcxproj", "{58076EA9-5A8E-4F1F-BD53-737FB1F7A705}"
EndProject
Project("{2150E333-8FDC-42A3-9474-1A3956D46DE8}") = "DVM", "DVM", "{ECDF05BE-A6FD-4105-9313-83E3F8A596B4}"
EndProject
Project("{9A19103F-16F7-4668-BE54-9A1E7A4F7556}") = "fnecore", "fnecore\fnecore.csproj", "{E2565674-D781-47DE-926D-0F8F3DC28D79}"
EndProject
Project("{9A19103F-16F7-4668-BE54-9A1E7A4F7556}") = "WhackerLink2Dvm", "WhackerLink2Dvm\WhackerLink2Dvm.csproj", "{4FD4C3D1-234F-45DC-BB8B-12EE24F20204}"
	ProjectSection(ProjectDependencies) = postProject
		{E2565674-D781-47DE-926D-0F8F3DC28D79} = {E2565674-D781-47DE-926D-0F8F3DC28D79}
	EndProjectSection
EndProject
Project("{2150E333-8FDC-42A3-9474-1A3956D46DE8}") = "Solution Items", "Solution Items", "{246EFF00-226C-43FA-942C-7A55450CA42D}"
	ProjectSection(SolutionItems) = preProject
		.editorconfig = .editorconfig
	EndProjectSection
EndProject
Global
	GlobalSection(SolutionConfigurationPlatforms) = preSolution
		Debug|Any CPU = Debug|Any CPU
		Debug|x64 = Debug|x64
		Debug|x86 = Debug|x86
		NoVocode|Any CPU = NoVocode|Any CPU
		NoVocode|x64 = NoVocode|x64
		NoVocode|x86 = NoVocode|x86
		Release|Any CPU = Release|Any CPU
		Release|x64 = Release|x64
		Release|x86 = Release|x86
	EndGlobalSection
	GlobalSection(ProjectConfigurationPlatforms) = postSolution
		{ADA6B441-A9F8-46D7-B07A-9D4A4AD62829}.Debug|Any CPU.ActiveCfg = Debug|Any CPU
		{ADA6B441-A9F8-46D7-B07A-9D4A4AD62829}.Debug|Any CPU.Build.0 = Debug|Any CPU
		{ADA6B441-A9F8-46D7-B07A-9D4A4AD62829}.Debug|x64.ActiveCfg = Debug|Any CPU
		{ADA6B441-A9F8-46D7-B07A-9D4A4AD62829}.Debug|x64.Build.0 = Debug|Any CPU
		{ADA6B441-A9F8-46D7-B07A-9D4A4AD62829}.Debug|x86.ActiveCfg = Debug|Any CPU
		{ADA6B441-A9F8-46D7-B07A-9D4A4AD62829}.Debug|x86.Build.0 = Debug|Any CPU
		{ADA6B441-A9F8-46D7-B07A-9D4A4AD62829}.NoVocode|Any CPU.ActiveCfg = NoVocode|Any CPU
		{ADA6B441-A9F8-46D7-B07A-9D4A4AD62829}.NoVocode|Any CPU.Build.0 = NoVocode|Any CPU
		{ADA6B441-A9F8-46D7-B07A-9D4A4AD62829}.NoVocode|x64.ActiveCfg = NoVocode|Any CPU
		{ADA6B441-A9F8-46D7-B07A-9D4A4AD62829}.NoVocode|x64.Build.0 = NoVocode|Any CPU
		{ADA6B441-A9F8-46D7-B07A-9D4A4AD62829}.NoVocode|x86.ActiveCfg = NoVocode|Any CPU
		{ADA6B441-A9F8-46D7-B07A-9D4A4AD62829}.NoVocode|x86.Build.0 = NoVocode|Any CPU
		{ADA6B441-A9F8-46D7-B07A-9D4A4AD62829}.Release|Any CPU.ActiveCfg = Release|Any CPU
		{ADA6B441-A9F8-46D7-B07A-9D4A4AD62829}.Release|Any CPU.Build.0 = Release|Any CPU
		{ADA6B441-A9F8-46D7-B07A-9D4A4AD62829}.Release|x64.ActiveCfg = Release|Any CPU
		{ADA6B441-A9F8-46D7-B07A-9D4A4AD62829}.Release|x64.Build.0 = Release|Any CPU
		{ADA6B441-A9F8-46D7-B07A-9D4A4AD62829}.Release|x86.ActiveCfg = Release|Any CPU
		{ADA6B441-A9F8-46D7-B07A-9D4A4AD62829}.Release|x86.Build.0 = Release|Any CPU
		{48FF9E65-F845-43FB-BF4E-71471B471C66}.Debug|Any CPU.ActiveCfg = Debug|Any CPU
		{48FF9E65-F845-43FB-BF4E-71471B471C66}.Debug|Any CPU.Build.0 = Debug|Any CPU
		{48FF9E65-F845-43FB-BF4E-71471B471C66}.Debug|x64.ActiveCfg = Debug|Any CPU
		{48FF9E65-F845-43FB-BF4E-71471B471C66}.Debug|x64.Build.0 = Debug|Any CPU
		{48FF9E65-F845-43FB-BF4E-71471B471C66}.Debug|x86.ActiveCfg = Debug|Any CPU
		{48FF9E65-F845-43FB-BF4E-71471B471C66}.Debug|x86.Build.0 = Debug|Any CPU
		{48FF9E65-F845-43FB-BF4E-71471B471C66}.NoVocode|Any CPU.ActiveCfg = NoVocode|Any CPU
		{48FF9E65-F845-43FB-BF4E-71471B471C66}.NoVocode|Any CPU.Build.0 = NoVocode|Any CPU
		{48FF9E65-F845-43FB-BF4E-71471B471C66}.NoVocode|x64.ActiveCfg = NoVocode|Any CPU
		{48FF9E65-F845-43FB-BF4E-71471B471C66}.NoVocode|x64.Build.0 = NoVocode|Any CPU
		{48FF9E65-F845-43FB-BF4E-71471B471C66}.NoVocode|x86.ActiveCfg = NoVocode|Any CPU
		{48FF9E65-F845-43FB-BF4E-71471B471C66}.NoVocode|x86.Build.0 = NoVocode|Any CPU
		{48FF9E65-F845-43FB-BF4E-71471B471C66}.Release|Any CPU.ActiveCfg = Release|Any CPU
		{48FF9E65-F845-43FB-BF4E-71471B471C66}.Release|Any CPU.Build.0 = Release|Any CPU
		{48FF9E65-F845-43FB-BF4E-71471B471C66}.Release|x64.ActiveCfg = Release|Any CPU
		{48FF9E65-F845-43FB-BF4E-71471B471C66}.Release|x64.Build.0 = Release|Any CPU
		{48FF9E65-F845-43FB-BF4E-71471B471C66}.Release|x86.ActiveCfg = Release|Any CPU
		{48FF9E65-F845-43FB-BF4E-71471B471C66}.Release|x86.Build.0 = Release|Any CPU
		{60C028D3-80DF-436E-AA8A-D95D2060111A}.Debug|Any CPU.ActiveCfg = Debug|Any CPU
		{60C028D3-80DF-436E-AA8A-D95D2060111A}.Debug|Any CPU.Build.0 = Debug|Any CPU
		{60C028D3-80DF-436E-AA8A-D95D2060111A}.Debug|x64.ActiveCfg = Debug|Any CPU
		{60C028D3-80DF-436E-AA8A-D95D2060111A}.Debug|x64.Build.0 = Debug|Any CPU
		{60C028D3-80DF-436E-AA8A-D95D2060111A}.Debug|x86.ActiveCfg = Debug|Any CPU
		{60C028D3-80DF-436E-AA8A-D95D2060111A}.Debug|x86.Build.0 = Debug|Any CPU
		{60C028D3-80DF-436E-AA8A-D95D2060111A}.NoVocode|Any CPU.ActiveCfg = NoVocode|Any CPU
		{60C028D3-80DF-436E-AA8A-D95D2060111A}.NoVocode|Any CPU.Build.0 = NoVocode|Any CPU
		{60C028D3-80DF-436E-AA8A-D95D2060111A}.NoVocode|x64.ActiveCfg = NoVocode|Any CPU
		{60C028D3-80DF-436E-AA8A-D95D2060111A}.NoVocode|x64.Build.0 = NoVocode|Any CPU
		{60C028D3-80DF-436E-AA8A-D95D2060111A}.NoVocode|x86.ActiveCfg = NoVocode|Any CPU
		{60C028D3-80DF-436E-AA8A-D95D2060111A}.NoVocode|x86.Build.0 = NoVocode|Any CPU
		{60C028D3-80DF-436E-AA8A-D95D2060111A}.Release|Any CPU.ActiveCfg = Release|Any CPU
		{60C028D3-80DF-436E-AA8A-D95D2060111A}.Release|Any CPU.Build.0 = Release|Any CPU
		{60C028D3-80DF-436E-AA8A-D95D2060111A}.Release|x64.ActiveCfg = Release|Any CPU
		{60C028D3-80DF-436E-AA8A-D95D2060111A}.Release|x64.Build.0 = Release|Any CPU
		{60C028D3-80DF-436E-AA8A-D95D2060111A}.Release|x86.ActiveCfg = Release|Any CPU
		{60C028D3-80DF-436E-AA8A-D95D2060111A}.Release|x86.Build.0 = Release|Any CPU
		{7BE24C1F-8703-42FC-93DD-F375A8E3C55A}.Debug|Any CPU.ActiveCfg = Debug|Any CPU
		{7BE24C1F-8703-42FC-93DD-F375A8E3C55A}.Debug|Any CPU.Build.0 = Debug|Any CPU
		{7BE24C1F-8703-42FC-93DD-F375A8E3C55A}.Debug|x64.ActiveCfg = Debug|Any CPU
		{7BE24C1F-8703-42FC-93DD-F375A8E3C55A}.Debug|x64.Build.0 = Debug|Any CPU
		{7BE24C1F-8703-42FC-93DD-F375A8E3C55A}.Debug|x86.ActiveCfg = Debug|Any CPU
		{7BE24C1F-8703-42FC-93DD-F375A8E3C55A}.Debug|x86.Build.0 = Debug|Any CPU
		{7BE24C1F-8703-42FC-93DD-F375A8E3C55A}.NoVocode|Any CPU.ActiveCfg = NoVocode|Any CPU
		{7BE24C1F-8703-42FC-93DD-F375A8E3C55A}.NoVocode|Any CPU.Build.0 = NoVocode|Any CPU
		{7BE24C1F-8703-42FC-93DD-F375A8E3C55A}.NoVocode|x64.ActiveCfg = NoVocode|Any CPU
		{7BE24C1F-8703-42FC-93DD-F375A8E3C55A}.NoVocode|x64.Build.0 = NoVocode|Any CPU
		{7BE24C1F-8703-42FC-93DD-F375A8E3C55A}.NoVocode|x86.ActiveCfg = NoVocode|Any CPU
		{7BE24C1F-8703-42FC-93DD-F375A8E3C55A}.NoVocode|x86.Build.0 = NoVocode|Any CPU
		{7BE24C1F-8703-42FC-93DD-F375A8E3C55A}.Release|Any CPU.ActiveCfg = Release|Any CPU
		{7BE24C1F-8703-42FC-93DD-F375A8E3C55A}.Release|Any CPU.Build.0 = Release|Any CPU
		{7BE24C1F-8703-42FC-93DD-F375A8E3C55A}.Release|x64.ActiveCfg = Release|Any CPU
		{7BE24C1F-8703-42FC-93DD-F375A8E3C55A}.Release|x64.Build.0 = Release|Any CPU
		{7BE24C1F-8703-42FC-93DD-F375A8E3C55A}.Release|x86.ActiveCfg = Release|Any CPU
		{7BE24C1F-8703-42FC-93DD-F375A8E3C55A}.Release|x86.Build.0 = Release|Any CPU
		{74B0F899-DFC9-4877-AD52-E5ECDD8AF7F1}.Debug|Any CPU.ActiveCfg = Debug|x64
		{74B0F899-DFC9-4877-AD52-E5ECDD8AF7F1}.Debug|Any CPU.Build.0 = Debug|x64
		{74B0F899-DFC9-4877-AD52-E5ECDD8AF7F1}.Debug|x64.ActiveCfg = Debug|x64
		{74B0F899-DFC9-4877-AD52-E5ECDD8AF7F1}.Debug|x64.Build.0 = Debug|x64
		{74B0F899-DFC9-4877-AD52-E5ECDD8AF7F1}.Debug|x86.ActiveCfg = Debug|Win32
		{74B0F899-DFC9-4877-AD52-E5ECDD8AF7F1}.Debug|x86.Build.0 = Debug|Win32
		{74B0F899-DFC9-4877-AD52-E5ECDD8AF7F1}.NoVocode|Any CPU.ActiveCfg = NoVocode|x64
		{74B0F899-DFC9-4877-AD52-E5ECDD8AF7F1}.NoVocode|x64.ActiveCfg = NoVocode|x64
		{74B0F899-DFC9-4877-AD52-E5ECDD8AF7F1}.NoVocode|x64.Build.0 = NoVocode|x64
		{74B0F899-DFC9-4877-AD52-E5ECDD8AF7F1}.NoVocode|x86.ActiveCfg = NoVocode|Win32
		{74B0F899-DFC9-4877-AD52-E5ECDD8AF7F1}.NoVocode|x86.Build.0 = NoVocode|Win32
		{74B0F899-DFC9-4877-AD52-E5ECDD8AF7F1}.Release|Any CPU.ActiveCfg = Release|x64
		{74B0F899-DFC9-4877-AD52-E5ECDD8AF7F1}.Release|Any CPU.Build.0 = Release|x64
		{74B0F899-DFC9-4877-AD52-E5ECDD8AF7F1}.Release|x64.ActiveCfg = Release|x64
		{74B0F899-DFC9-4877-AD52-E5ECDD8AF7F1}.Release|x64.Build.0 = Release|x64
		{74B0F899-DFC9-4877-AD52-E5ECDD8AF7F1}.Release|x86.ActiveCfg = Release|Win32
		{74B0F899-DFC9-4877-AD52-E5ECDD8AF7F1}.Release|x86.Build.0 = Release|Win32
		{58076EA9-5A8E-4F1F-BD53-737FB1F7A705}.Debug|Any CPU.ActiveCfg = Debug|x64
		{58076EA9-5A8E-4F1F-BD53-737FB1F7A705}.Debug|Any CPU.Build.0 = Debug|x64
		{58076EA9-5A8E-4F1F-BD53-737FB1F7A705}.Debug|x64.ActiveCfg = Debug|x64
		{58076EA9-5A8E-4F1F-BD53-737FB1F7A705}.Debug|x64.Build.0 = Debug|x64
		{58076EA9-5A8E-4F1F-BD53-737FB1F7A705}.Debug|x86.ActiveCfg = Debug|Win32
		{58076EA9-5A8E-4F1F-BD53-737FB1F7A705}.Debug|x86.Build.0 = Debug|Win32
		{58076EA9-5A8E-4F1F-BD53-737FB1F7A705}.NoVocode|Any CPU.ActiveCfg = NoVocode|x64
		{58076EA9-5A8E-4F1F-BD53-737FB1F7A705}.NoVocode|x64.ActiveCfg = NoVocode|x64
		{58076EA9-5A8E-4F1F-BD53-737FB1F7A705}.NoVocode|x64.Build.0 = NoVocode|x64
		{58076EA9-5A8E-4F1F-BD53-737FB1F7A705}.NoVocode|x86.ActiveCfg = NoVocode|Win32
		{58076EA9-5A8E-4F1F-BD53-737FB1F7A705}.NoVocode|x86.Build.0 = NoVocode|Win32
		{58076EA9-5A8E-4F1F-BD53-737FB1F7A705}.Release|Any CPU.ActiveCfg = Release|x64
		{58076EA9-5A8E-4F1F-BD53-737FB1F7A705}.Release|Any CPU.Build.0 = Release|x64
		{58076EA9-5A8E-4F1F-BD53-737FB1F7A705}.Release|x64.ActiveCfg = Release|x64
		{58076EA9-5A8E-4F1F-BD53-737FB1F7A705}.Release|x64.Build.0 = Release|x64
		{58076EA9-5A8E-4F1F-BD53-737FB1F7A705}.Release|x86.ActiveCfg = Release|Win32
		{58076EA9-5A8E-4F1F-BD53-737FB1F7A705}.Release|x86.Build.0 = Release|Win32
		{E2565674-D781-47DE-926D-0F8F3DC28D79}.Debug|Any CPU.ActiveCfg = Debug|Any CPU
		{E2565674-D781-47DE-926D-0F8F3DC28D79}.Debug|Any CPU.Build.0 = Debug|Any CPU
		{E2565674-D781-47DE-926D-0F8F3DC28D79}.Debug|x64.ActiveCfg = Debug|Any CPU
		{E2565674-D781-47DE-926D-0F8F3DC28D79}.Debug|x64.Build.0 = Debug|Any CPU
		{E2565674-D781-47DE-926D-0F8F3DC28D79}.Debug|x86.ActiveCfg = Debug|Any CPU
		{E2565674-D781-47DE-926D-0F8F3DC28D79}.Debug|x86.Build.0 = Debug|Any CPU
		{E2565674-D781-47DE-926D-0F8F3DC28D79}.NoVocode|Any CPU.ActiveCfg = Debug|Any CPU
		{E2565674-D781-47DE-926D-0F8F3DC28D79}.NoVocode|Any CPU.Build.0 = Debug|Any CPU
		{E2565674-D781-47DE-926D-0F8F3DC28D79}.NoVocode|x64.ActiveCfg = Debug|Any CPU
		{E2565674-D781-47DE-926D-0F8F3DC28D79}.NoVocode|x64.Build.0 = Debug|Any CPU
		{E2565674-D781-47DE-926D-0F8F3DC28D79}.NoVocode|x86.ActiveCfg = Debug|Any CPU
		{E2565674-D781-47DE-926D-0F8F3DC28D79}.NoVocode|x86.Build.0 = Debug|Any CPU
		{E2565674-D781-47DE-926D-0F8F3DC28D79}.Release|Any CPU.ActiveCfg = Release|Any CPU
		{E2565674-D781-47DE-926D-0F8F3DC28D79}.Release|Any CPU.Build.0 = Release|Any CPU
		{E2565674-D781-47DE-926D-0F8F3DC28D79}.Release|x64.ActiveCfg = Release|Any CPU
		{E2565674-D781-47DE-926D-0F8F3DC28D79}.Release|x64.Build.0 = Release|Any CPU
		{E2565674-D781-47DE-926D-0F8F3DC28D79}.Release|x86.ActiveCfg = Release|Any CPU
		{E2565674-D781-47DE-926D-0F8F3DC28D79}.Release|x86.Build.0 = Release|Any CPU
		{4FD4C3D1-234F-45DC-BB8B-12EE24F20204}.Debug|Any CPU.ActiveCfg = Debug|Any CPU
		{4FD4C3D1-234F-45DC-BB8B-12EE24F20204}.Debug|Any CPU.Build.0 = Debug|Any CPU
		{4FD4C3D1-234F-45DC-BB8B-12EE24F20204}.Debug|x64.ActiveCfg = Debug|Any CPU
		{4FD4C3D1-234F-45DC-BB8B-12EE24F20204}.Debug|x64.Build.0 = Debug|Any CPU
		{4FD4C3D1-234F-45DC-BB8B-12EE24F20204}.Debug|x86.ActiveCfg = Debug|Any CPU
		{4FD4C3D1-234F-45DC-BB8B-12EE24F20204}.Debug|x86.Build.0 = Debug|Any CPU
		{4FD4C3D1-234F-45DC-BB8B-12EE24F20204}.NoVocode|Any CPU.ActiveCfg = NoVodode|Any CPU
		{4FD4C3D1-234F-45DC-BB8B-12EE24F20204}.NoVocode|x64.ActiveCfg = Debug|Any CPU
		{4FD4C3D1-234F-45DC-BB8B-12EE24F20204}.NoVocode|x64.Build.0 = Debug|Any CPU
		{4FD4C3D1-234F-45DC-BB8B-12EE24F20204}.NoVocode|x86.ActiveCfg = Debug|Any CPU
		{4FD4C3D1-234F-45DC-BB8B-12EE24F20204}.NoVocode|x86.Build.0 = Debug|Any CPU
		{4FD4C3D1-234F-45DC-BB8B-12EE24F20204}.Release|Any CPU.ActiveCfg = Release|Any CPU
		{4FD4C3D1-234F-45DC-BB8B-12EE24F20204}.Release|Any CPU.Build.0 = Release|Any CPU
		{4FD4C3D1-234F-45DC-BB8B-12EE24F20204}.Release|x64.ActiveCfg = Release|Any CPU
		{4FD4C3D1-234F-45DC-BB8B-12EE24F20204}.Release|x64.Build.0 = Release|Any CPU
		{4FD4C3D1-234F-45DC-BB8B-12EE24F20204}.Release|x86.ActiveCfg = Release|Any CPU
		{4FD4C3D1-234F-45DC-BB8B-12EE24F20204}.Release|x86.Build.0 = Release|Any CPU
	EndGlobalSection
	GlobalSection(SolutionProperties) = preSolution
		HideSolutionNode = FALSE
	EndGlobalSection
	GlobalSection(NestedProjects) = preSolution
		{E2565674-D781-47DE-926D-0F8F3DC28D79} = {ECDF05BE-A6FD-4105-9313-83E3F8A596B4}
		{4FD4C3D1-234F-45DC-BB8B-12EE24F20204} = {ECDF05BE-A6FD-4105-9313-83E3F8A596B4}
	EndGlobalSection
	GlobalSection(ExtensibilityGlobals) = postSolution
		SolutionGuid = {1913650C-BC93-4AAA-AAC7-155109901217}
	EndGlobalSection
EndGlobal
