<?xml version="1.0" encoding="utf-8"?>
<Project ToolsVersion="4.0" xmlns="http://schemas.microsoft.com/developer/msbuild/2003">
  <ItemGroup>
    <Filter Include="Source Files">
      <UniqueIdentifier>{4FC737F1-C7A5-4376-A066-2A32D752A2FF}</UniqueIdentifier>
      <Extensions>cpp;c;cc;cxx;c++;cppm;ixx;def;odl;idl;hpj;bat;asm;asmx</Extensions>
    </Filter>
    <Filter Include="Header Files">
      <UniqueIdentifier>{93995380-89BD-4b04-88EB-625FBE52EBFB}</UniqueIdentifier>
      <Extensions>h;hh;hpp;hxx;h++;hm;inl;inc;ipp;xsd</Extensions>
    </Filter>
    <Filter Include="Resource Files">
      <UniqueIdentifier>{67DA6AB6-F800-4c08-8B7A-83BB121AAD01}</UniqueIdentifier>
      <Extensions>rc;ico;cur;bmp;dlg;rc2;rct;bin;rgs;gif;jpg;jpeg;jpe;resx;tiff;tif;png;wav;mfcribbon-ms</Extensions>
    </Filter>
    <Filter Include="Header Files\vocoder">
      <UniqueIdentifier>{d7e029bd-bc4e-4f23-833e-6a541cc8f861}</UniqueIdentifier>
    </Filter>
    <Filter Include="Source Files\vocoder">
      <UniqueIdentifier>{c0d992fd-baf3-4f7c-ace8-a2d98bf5d700}</UniqueIdentifier>
    </Filter>
    <Filter Include="Header Files\vocoder\imbe">
      <UniqueIdentifier>{2c712e90-ffb3-40d8-a0d8-a760e0600b8b}</UniqueIdentifier>
    </Filter>
    <Filter Include="Source Files\vocoder\imbe">
      <UniqueIdentifier>{07713d2f-9f57-4b83-935e-01f7739718a5}</UniqueIdentifier>
    </Filter>
    <Filter Include="Header Files\edac">
      <UniqueIdentifier>{a0bfbb20-d339-48c5-a5ba-92b6c273b952}</UniqueIdentifier>
    </Filter>
    <Filter Include="Source Files\edac">
      <UniqueIdentifier>{b40aadb3-5be8-4cc3-927f-bc3ade62c977}</UniqueIdentifier>
    </Filter>
  </ItemGroup>
  <ItemGroup>
    <ClCompile Include="dllmain.cpp">
      <Filter>Source Files</Filter>
    </ClCompile>
    <ClCompile Include="vocoder\ambe3600x2250.c">
      <Filter>Source Files\vocoder</Filter>
    </ClCompile>
    <ClCompile Include="vocoder\ambe3600x2400.c">
      <Filter>Source Files\vocoder</Filter>
    </ClCompile>
    <ClCompile Include="vocoder\ambe3600x2450.c">
      <Filter>Source Files\vocoder</Filter>
    </ClCompile>
    <ClCompile Include="vocoder\ecc.c">
      <Filter>Source Files\vocoder</Filter>
    </ClCompile>
    <ClCompile Include="vocoder\imbe7200x4400.c">
      <Filter>Source Files\vocoder</Filter>
    </ClCompile>
    <ClCompile Include="vocoder\mbe.c">
      <Filter>Source Files\vocoder</Filter>
    </ClCompile>
    <ClCompile Include="vocoder\MBEDecoder.cpp">
      <Filter>Source Files\vocoder</Filter>
    </ClCompile>
    <ClCompile Include="vocoder\MBEEncoder.cpp">
      <Filter>Source Files\vocoder</Filter>
    </ClCompile>
    <ClCompile Include="vocoder\imbe\aux_sub.cpp">
      <Filter>Source Files\vocoder\imbe</Filter>
    </ClCompile>
    <ClCompile Include="vocoder\imbe\basic_op.cpp">
      <Filter>Source Files\vocoder\imbe</Filter>
    </ClCompile>
    <ClCompile Include="vocoder\imbe\ch_decode.cpp">
      <Filter>Source Files\vocoder\imbe</Filter>
    </ClCompile>
    <ClCompile Include="vocoder\imbe\ch_encode.cpp">
      <Filter>Source Files\vocoder\imbe</Filter>
    </ClCompile>
    <ClCompile Include="vocoder\imbe\dc_rmv.cpp">
      <Filter>Source Files\vocoder\imbe</Filter>
    </ClCompile>
    <ClCompile Include="vocoder\imbe\decode.cpp">
      <Filter>Source Files\vocoder\imbe</Filter>
    </ClCompile>
    <ClCompile Include="vocoder\imbe\dsp_sub.cpp">
      <Filter>Source Files\vocoder\imbe</Filter>
    </ClCompile>
    <ClCompile Include="vocoder\imbe\encode.cpp">
      <Filter>Source Files\vocoder\imbe</Filter>
    </ClCompile>
    <ClCompile Include="vocoder\imbe\imbe_vocoder.cpp">
      <Filter>Source Files\vocoder\imbe</Filter>
    </ClCompile>
    <ClCompile Include="vocoder\imbe\math_sub.cpp">
      <Filter>Source Files\vocoder\imbe</Filter>
    </ClCompile>
    <ClCompile Include="vocoder\imbe\pe_lpf.cpp">
      <Filter>Source Files\vocoder\imbe</Filter>
    </ClCompile>
    <ClCompile Include="vocoder\imbe\pitch_est.cpp">
      <Filter>Source Files\vocoder\imbe</Filter>
    </ClCompile>
    <ClCompile Include="vocoder\imbe\pitch_ref.cpp">
      <Filter>Source Files\vocoder\imbe</Filter>
    </ClCompile>
    <ClCompile Include="vocoder\imbe\qnt_sub.cpp">
      <Filter>Source Files\vocoder\imbe</Filter>
    </ClCompile>
    <ClCompile Include="vocoder\imbe\rand_gen.cpp">
      <Filter>Source Files\vocoder\imbe</Filter>
    </ClCompile>
    <ClCompile Include="vocoder\imbe\sa_decode.cpp">
      <Filter>Source Files\vocoder\imbe</Filter>
    </ClCompile>
    <ClCompile Include="vocoder\imbe\sa_encode.cpp">
      <Filter>Source Files\vocoder\imbe</Filter>
    </ClCompile>
    <ClCompile Include="vocoder\imbe\sa_enh.cpp">
      <Filter>Source Files\vocoder\imbe</Filter>
    </ClCompile>
    <ClCompile Include="vocoder\imbe\tbls.cpp">
      <Filter>Source Files\vocoder\imbe</Filter>
    </ClCompile>
    <ClCompile Include="vocoder\imbe\uv_synt.cpp">
      <Filter>Source Files\vocoder\imbe</Filter>
    </ClCompile>
    <ClCompile Include="vocoder\imbe\v_synt.cpp">
      <Filter>Source Files\vocoder\imbe</Filter>
    </ClCompile>
    <ClCompile Include="vocoder\imbe\v_uv_det.cpp">
      <Filter>Source Files\vocoder\imbe</Filter>
    </ClCompile>
    <ClCompile Include="edac\AMBEFEC.cpp">
      <Filter>Source Files\edac</Filter>
    </ClCompile>
    <ClCompile Include="edac\Golay24128.cpp">
      <Filter>Source Files\edac</Filter>
    </ClCompile>
    <ClCompile Include="edac\Hamming.cpp">
      <Filter>Source Files\edac</Filter>
    </ClCompile>
    <ClCompile Include="Utils.cpp">
      <Filter>Source Files</Filter>
    </ClCompile>
  </ItemGroup>
  <ItemGroup>
    <ClInclude Include="vocoder\ambe3600x2400_const.h">
      <Filter>Header Files\vocoder</Filter>
    </ClInclude>
    <ClInclude Include="vocoder\ambe3600x2450_const.h">
      <Filter>Header Files\vocoder</Filter>
    </ClInclude>
    <ClInclude Include="vocoder\ecc_const.h">
      <Filter>Header Files\vocoder</Filter>
    </ClInclude>
    <ClInclude Include="vocoder\imbe7200x4400_const.h">
      <Filter>Header Files\vocoder</Filter>
    </ClInclude>
    <ClInclude Include="vocoder\mbe.h">
      <Filter>Header Files\vocoder</Filter>
    </ClInclude>
    <ClInclude Include="vocoder\mbe_const.h">
      <Filter>Header Files\vocoder</Filter>
    </ClInclude>
    <ClInclude Include="vocoder\MBEDecoder.h">
      <Filter>Header Files\vocoder</Filter>
    </ClInclude>
    <ClInclude Include="vocoder\MBEEncoder.h">
      <Filter>Header Files\vocoder</Filter>
    </ClInclude>
    <ClInclude Include="vocoder\imbe\aux_sub.h">
      <Filter>Header Files\vocoder\imbe</Filter>
    </ClInclude>
    <ClInclude Include="vocoder\imbe\basic_op.h">
      <Filter>Header Files\vocoder\imbe</Filter>
    </ClInclude>
    <ClInclude Include="vocoder\imbe\ch_decode.h">
      <Filter>Header Files\vocoder\imbe</Filter>
    </ClInclude>
    <ClInclude Include="vocoder\imbe\ch_encode.h">
      <Filter>Header Files\vocoder\imbe</Filter>
    </ClInclude>
    <ClInclude Include="vocoder\imbe\dc_rmv.h">
      <Filter>Header Files\vocoder\imbe</Filter>
    </ClInclude>
    <ClInclude Include="vocoder\imbe\globals.h">
      <Filter>Header Files\vocoder\imbe</Filter>
    </ClInclude>
    <ClInclude Include="vocoder\imbe\imbe.h">
      <Filter>Header Files\vocoder\imbe</Filter>
    </ClInclude>
    <ClInclude Include="vocoder\imbe\imbe_vocoder.h">
      <Filter>Header Files\vocoder\imbe</Filter>
    </ClInclude>
    <ClInclude Include="vocoder\imbe\math_sub.h">
      <Filter>Header Files\vocoder\imbe</Filter>
    </ClInclude>
    <ClInclude Include="vocoder\imbe\pe_lpf.h">
      <Filter>Header Files\vocoder\imbe</Filter>
    </ClInclude>
    <ClInclude Include="vocoder\imbe\pitch_est.h">
      <Filter>Header Files\vocoder\imbe</Filter>
    </ClInclude>
    <ClInclude Include="vocoder\imbe\pitch_ref.h">
      <Filter>Header Files\vocoder\imbe</Filter>
    </ClInclude>
    <ClInclude Include="vocoder\imbe\qnt_sub.h">
      <Filter>Header Files\vocoder\imbe</Filter>
    </ClInclude>
    <ClInclude Include="vocoder\imbe\rand_gen.h">
      <Filter>Header Files\vocoder\imbe</Filter>
    </ClInclude>
    <ClInclude Include="vocoder\imbe\sa_enh.h">
      <Filter>Header Files\vocoder\imbe</Filter>
    </ClInclude>
    <ClInclude Include="vocoder\imbe\tbls.h">
      <Filter>Header Files\vocoder\imbe</Filter>
    </ClInclude>
    <ClInclude Include="vocoder\imbe\typedef.h">
      <Filter>Header Files\vocoder\imbe</Filter>
    </ClInclude>
    <ClInclude Include="vocoder\imbe\typedefs.h">
      <Filter>Header Files\vocoder\imbe</Filter>
    </ClInclude>
    <ClInclude Include="Defines.h">
      <Filter>Header Files</Filter>
    </ClInclude>
    <ClInclude Include="edac\AMBEFEC.h">
      <Filter>Header Files\edac</Filter>
    </ClInclude>
    <ClInclude Include="edac\Golay24128.h">
      <Filter>Header Files\edac</Filter>
    </ClInclude>
    <ClInclude Include="edac\Hamming.h">
      <Filter>Header Files\edac</Filter>
    </ClInclude>
    <ClInclude Include="Utils.h">
      <Filter>Header Files</Filter>
    </ClInclude>
    <ClInclude Include="resource.h">
      <Filter>Header Files</Filter>
    </ClInclude>
  </ItemGroup>
  <ItemGroup>
    <ResourceCompile Include="MBEVocoder.rc">
      <Filter>Resource Files</Filter>
    </ResourceCompile>
  </ItemGroup>
</Project>